
Microsoft Visual Studio Solution File, Format Version 12.00
# Visual Studio Version 17
VisualStudioVersion = 17.3.32804.467
MinimumVisualStudioVersion = 10.0.40219.1
Project("{FAE04EC0-301F-11D3-BF4B-00C04F79EFBC}") = "RazorPagesMovie", "RazorPagesMovie\RazorPagesMovie.csproj", "{E8009F76-319D-48A6-8080-E2CBADBC343F}"
EndProject
Global
	GlobalSection(SolutionConfigurationPlatforms) = preSolution
		Debug|Any CPU = Debug|Any CPU
		Release|Any CPU = Release|Any CPU
	EndGlobalSection
	GlobalSection(ProjectConfigurationPlatforms) = postSolution
		{E8009F76-319D-48A6-8080-E2CBADBC343F}.Debug|Any CPU.ActiveCfg = Debug|Any CPU
		{E8009F76-319D-48A6-8080-E2CBADBC343F}.Debug|Any CPU.Build.0 = Debug|Any CPU
		{E8009F76-319D-48A6-8080-E2CBADBC343F}.Release|Any CPU.ActiveCfg = Release|Any CPU
		{E8009F76-319D-48A6-8080-E2CBADBC343F}.Release|Any CPU.Build.0 = Release|Any CPU
	EndGlobalSection
	GlobalSection(SolutionProperties) = preSolution
		HideSolutionNode = FALSE
	EndGlobalSection
	GlobalSection(ExtensibilityGlobals) = postSolution
		SolutionGuid = {36B1AB0F-9E4D-4EE3-BF2F-F4FABC4F805A}
	EndGlobalSection
EndGlobal
